// !$*UTF8*$!
{
	archiveVersion = 1;
	classes = {
	};
	objectVersion = 52;
	objects = {

/* Begin PBXBuildFile section */
		384ECA6924B3060F00D2CDC0 /* ImageListView.swift in Sources */ = {isa = PBXBuildFile; fileRef = 384ECA6824B3060F00D2CDC0 /* ImageListView.swift */; };
		384ECA6C24B30F6A00D2CDC0 /* ImageRowView.swift in Sources */ = {isa = PBXBuildFile; fileRef = 384ECA6B24B30F6A00D2CDC0 /* ImageRowView.swift */; };
		384ECA6F24B30F7E00D2CDC0 /* TextAndImageView.swift in Sources */ = {isa = PBXBuildFile; fileRef = 384ECA6E24B30F7E00D2CDC0 /* TextAndImageView.swift */; };
		384ECA7224B3611D00D2CDC0 /* ImageListType.swift in Sources */ = {isa = PBXBuildFile; fileRef = 384ECA7124B3611D00D2CDC0 /* ImageListType.swift */; };
		384ECA7524B3614E00D2CDC0 /* ImageListViewModel.swift in Sources */ = {isa = PBXBuildFile; fileRef = 384ECA7424B3614E00D2CDC0 /* ImageListViewModel.swift */; };
		386B8C2024C717AA00162409 /* SegmentControllerModel.swift in Sources */ = {isa = PBXBuildFile; fileRef = 386B8C1F24C717AA00162409 /* SegmentControllerModel.swift */; };
		386B8C2224C717CA00162409 /* SegmentControllerView.swift in Sources */ = {isa = PBXBuildFile; fileRef = 386B8C2124C717CA00162409 /* SegmentControllerView.swift */; };
		386B8C2424C717DD00162409 /* SegmentControllerViewModel.swift in Sources */ = {isa = PBXBuildFile; fileRef = 386B8C2324C717DD00162409 /* SegmentControllerViewModel.swift */; };
		386B8C2724C718C400162409 /* SegmentControllerListView.swift in Sources */ = {isa = PBXBuildFile; fileRef = 386B8C2624C718C400162409 /* SegmentControllerListView.swift */; };
		386B8C2924C718D100162409 /* SegmentControllerScrollView.swift in Sources */ = {isa = PBXBuildFile; fileRef = 386B8C2824C718D100162409 /* SegmentControllerScrollView.swift */; };
		387FF9C224D7F02B001BF8E3 /* MovieDetailModel.swift in Sources */ = {isa = PBXBuildFile; fileRef = 387FF9C124D7F02B001BF8E3 /* MovieDetailModel.swift */; };
		387FF9C424D7F036001BF8E3 /* MovieDetailView.swift in Sources */ = {isa = PBXBuildFile; fileRef = 387FF9C324D7F036001BF8E3 /* MovieDetailView.swift */; };
		387FF9C624D7F043001BF8E3 /* MovieDetailViewModel.swift in Sources */ = {isa = PBXBuildFile; fileRef = 387FF9C524D7F043001BF8E3 /* MovieDetailViewModel.swift */; };
		387FF9C924D7F678001BF8E3 /* TagScrollView.swift in Sources */ = {isa = PBXBuildFile; fileRef = 387FF9C824D7F678001BF8E3 /* TagScrollView.swift */; };
		387FF9CB24D7F99D001BF8E3 /* MovieDetailImageView.swift in Sources */ = {isa = PBXBuildFile; fileRef = 387FF9CA24D7F99D001BF8E3 /* MovieDetailImageView.swift */; };
		387FF9CD24D7F9E0001BF8E3 /* CornerRadiusViewModifier.swift in Sources */ = {isa = PBXBuildFile; fileRef = 387FF9CC24D7F9E0001BF8E3 /* CornerRadiusViewModifier.swift */; };
		387FF9CF24D7FEB4001BF8E3 /* MovieRatingView.swift in Sources */ = {isa = PBXBuildFile; fileRef = 387FF9CE24D7FEB4001BF8E3 /* MovieRatingView.swift */; };
		387FF9D124D80958001BF8E3 /* ImageAndRatingView.swift in Sources */ = {isa = PBXBuildFile; fileRef = 387FF9D024D80958001BF8E3 /* ImageAndRatingView.swift */; };
		387FF9D324D81486001BF8E3 /* MovieSubDetailView.swift in Sources */ = {isa = PBXBuildFile; fileRef = 387FF9D224D81486001BF8E3 /* MovieSubDetailView.swift */; };
		387FF9D524D81B50001BF8E3 /* MovieDetailDescriptionView.swift in Sources */ = {isa = PBXBuildFile; fileRef = 387FF9D424D81B50001BF8E3 /* MovieDetailDescriptionView.swift */; };
		387FF9D724D829D4001BF8E3 /* CrewAndCastView.swift in Sources */ = {isa = PBXBuildFile; fileRef = 387FF9D624D829D4001BF8E3 /* CrewAndCastView.swift */; };
		387FF9DA24D85193001BF8E3 /* AsyncImage.swift in Sources */ = {isa = PBXBuildFile; fileRef = 387FF9D924D85193001BF8E3 /* AsyncImage.swift */; };
		387FF9DC24D851AC001BF8E3 /* ImageCache.swift in Sources */ = {isa = PBXBuildFile; fileRef = 387FF9DB24D851AC001BF8E3 /* ImageCache.swift */; };
		387FF9DE24D851CB001BF8E3 /* ImageLoader.swift in Sources */ = {isa = PBXBuildFile; fileRef = 387FF9DD24D851CB001BF8E3 /* ImageLoader.swift */; };
		387FF9E024D851E5001BF8E3 /* EnvironmentValues+ImageCache.swift in Sources */ = {isa = PBXBuildFile; fileRef = 387FF9DF24D851E5001BF8E3 /* EnvironmentValues+ImageCache.swift */; };
		388B9B1C24CFFA2900E97320 /* LoginView.swift in Sources */ = {isa = PBXBuildFile; fileRef = 388B9B1B24CFFA2900E97320 /* LoginView.swift */; };
		388B9B2A24D019D400E97320 /* Roboto-Light.ttf in Resources */ = {isa = PBXBuildFile; fileRef = 388B9B1E24D019D200E97320 /* Roboto-Light.ttf */; };
		388B9B2B24D019D400E97320 /* Roboto-Thin.ttf in Resources */ = {isa = PBXBuildFile; fileRef = 388B9B1F24D019D200E97320 /* Roboto-Thin.ttf */; };
		388B9B2C24D019D400E97320 /* Roboto-BlackItalic.ttf in Resources */ = {isa = PBXBuildFile; fileRef = 388B9B2024D019D200E97320 /* Roboto-BlackItalic.ttf */; };
		388B9B2D24D019D400E97320 /* Roboto-Regular.ttf in Resources */ = {isa = PBXBuildFile; fileRef = 388B9B2124D019D200E97320 /* Roboto-Regular.ttf */; };
		388B9B2E24D019D400E97320 /* Roboto-ThinItalic.ttf in Resources */ = {isa = PBXBuildFile; fileRef = 388B9B2224D019D200E97320 /* Roboto-ThinItalic.ttf */; };
		388B9B2F24D019D400E97320 /* Roboto-Black.ttf in Resources */ = {isa = PBXBuildFile; fileRef = 388B9B2324D019D300E97320 /* Roboto-Black.ttf */; };
		388B9B3024D019D400E97320 /* Roboto-LightItalic.ttf in Resources */ = {isa = PBXBuildFile; fileRef = 388B9B2424D019D300E97320 /* Roboto-LightItalic.ttf */; };
		388B9B3124D019D400E97320 /* Roboto-BoldItalic.ttf in Resources */ = {isa = PBXBuildFile; fileRef = 388B9B2524D019D300E97320 /* Roboto-BoldItalic.ttf */; };
		388B9B3224D019D400E97320 /* Roboto-Bold.ttf in Resources */ = {isa = PBXBuildFile; fileRef = 388B9B2624D019D300E97320 /* Roboto-Bold.ttf */; };
		388B9B3324D019D400E97320 /* Roboto-Italic.ttf in Resources */ = {isa = PBXBuildFile; fileRef = 388B9B2724D019D300E97320 /* Roboto-Italic.ttf */; };
		388B9B3424D019D400E97320 /* Roboto-Medium.ttf in Resources */ = {isa = PBXBuildFile; fileRef = 388B9B2824D019D300E97320 /* Roboto-Medium.ttf */; };
		388B9B3524D019D400E97320 /* Roboto-MediumItalic.ttf in Resources */ = {isa = PBXBuildFile; fileRef = 388B9B2924D019D400E97320 /* Roboto-MediumItalic.ttf */; };
		388B9B3824D01B3F00E97320 /* Constants.swift in Sources */ = {isa = PBXBuildFile; fileRef = 388B9B3724D01B3F00E97320 /* Constants.swift */; };
		3890EFCB24C9C4FE004EB658 /* TeamDetailsView.swift in Sources */ = {isa = PBXBuildFile; fileRef = 3890EFCA24C9C4FE004EB658 /* TeamDetailsView.swift */; };
		3891E56324C80EAD00D4C661 /* TeamListRow.swift in Sources */ = {isa = PBXBuildFile; fileRef = 3891E56224C80EAD00D4C661 /* TeamListRow.swift */; };
		389F912325038AC300352DFE /* PickerListView.swift in Sources */ = {isa = PBXBuildFile; fileRef = 389F912225038AC300352DFE /* PickerListView.swift */; };
		389F9128250390A100352DFE /* PickerEnums.swift in Sources */ = {isa = PBXBuildFile; fileRef = 389F9127250390A100352DFE /* PickerEnums.swift */; };
		38A439C524BC330B00CA4CEB /* ListEnum.swift in Sources */ = {isa = PBXBuildFile; fileRef = 38A439C424BC330B00CA4CEB /* ListEnum.swift */; };
		38A439C724BC336100CA4CEB /* ListHomeView.swift in Sources */ = {isa = PBXBuildFile; fileRef = 38A439C624BC336100CA4CEB /* ListHomeView.swift */; };
		38A439CA24BC337E00CA4CEB /* ListTypeView.swift in Sources */ = {isa = PBXBuildFile; fileRef = 38A439C924BC337E00CA4CEB /* ListTypeView.swift */; };
		38A439CC24BC339900CA4CEB /* HomeScrollView.swift in Sources */ = {isa = PBXBuildFile; fileRef = 38A439CB24BC339900CA4CEB /* HomeScrollView.swift */; };
		38A439CE24BC33AD00CA4CEB /* ListHomeViewModel.swift in Sources */ = {isa = PBXBuildFile; fileRef = 38A439CD24BC33AD00CA4CEB /* ListHomeViewModel.swift */; };
		38A439D124BC4C2F00CA4CEB /* ListHomeModel.swift in Sources */ = {isa = PBXBuildFile; fileRef = 38A439D024BC4C2F00CA4CEB /* ListHomeModel.swift */; };
		38A439D324BC4F6200CA4CEB /* README.md in Resources */ = {isa = PBXBuildFile; fileRef = 38A439D224BC4F6200CA4CEB /* README.md */; };
		38A439D624BC72B500CA4CEB /* SocialMediaListRow.swift in Sources */ = {isa = PBXBuildFile; fileRef = 38A439D524BC72B500CA4CEB /* SocialMediaListRow.swift */; };
		38C0CC9E24D1B44E00A6192C /* ForgotPasswordView.swift in Sources */ = {isa = PBXBuildFile; fileRef = 38C0CC9D24D1B44E00A6192C /* ForgotPasswordView.swift */; };
		38D25C5024A9D26B00AD202F /* AppDelegate.swift in Sources */ = {isa = PBXBuildFile; fileRef = 38D25C4F24A9D26B00AD202F /* AppDelegate.swift */; };
		38D25C5224A9D26B00AD202F /* SceneDelegate.swift in Sources */ = {isa = PBXBuildFile; fileRef = 38D25C5124A9D26B00AD202F /* SceneDelegate.swift */; };
		38D25C5524A9D26B00AD202F /* SwiftUILearning.xcdatamodeld in Sources */ = {isa = PBXBuildFile; fileRef = 38D25C5324A9D26B00AD202F /* SwiftUILearning.xcdatamodeld */; };
		38D25C5724A9D26B00AD202F /* ContentView.swift in Sources */ = {isa = PBXBuildFile; fileRef = 38D25C5624A9D26B00AD202F /* ContentView.swift */; };
		38D25C5924A9D26E00AD202F /* Assets.xcassets in Resources */ = {isa = PBXBuildFile; fileRef = 38D25C5824A9D26E00AD202F /* Assets.xcassets */; };
		38D25C5C24A9D26E00AD202F /* Preview Assets.xcassets in Resources */ = {isa = PBXBuildFile; fileRef = 38D25C5B24A9D26E00AD202F /* Preview Assets.xcassets */; };
		38D25C5F24A9D26E00AD202F /* LaunchScreen.storyboard in Resources */ = {isa = PBXBuildFile; fileRef = 38D25C5D24A9D26E00AD202F /* LaunchScreen.storyboard */; };
		38D25C6A24A9D26E00AD202F /* SwiftUILearningTests.swift in Sources */ = {isa = PBXBuildFile; fileRef = 38D25C6924A9D26E00AD202F /* SwiftUILearningTests.swift */; };
		38D25C7524A9D26E00AD202F /* SwiftUILearningUITests.swift in Sources */ = {isa = PBXBuildFile; fileRef = 38D25C7424A9D26E00AD202F /* SwiftUILearningUITests.swift */; };
		38D25C8624A9D2E600AD202F /* TextSwiftUIView.swift in Sources */ = {isa = PBXBuildFile; fileRef = 38D25C8524A9D2E600AD202F /* TextSwiftUIView.swift */; };
		38D25C8B24A9D65400AD202F /* ContentViewModel.swift in Sources */ = {isa = PBXBuildFile; fileRef = 38D25C8A24A9D65400AD202F /* ContentViewModel.swift */; };
		38D25C8E24A9D75E00AD202F /* ContentModel.swift in Sources */ = {isa = PBXBuildFile; fileRef = 38D25C8D24A9D75E00AD202F /* ContentModel.swift */; };
		38D25C9124A9D81700AD202F /* ContentEnum.swift in Sources */ = {isa = PBXBuildFile; fileRef = 38D25C9024A9D81700AD202F /* ContentEnum.swift */; };
		38DEA74624FE5F040081E450 /* PopularMovieModel.swift in Sources */ = {isa = PBXBuildFile; fileRef = 38DEA74524FE5F040081E450 /* PopularMovieModel.swift */; };
		38DEA74A24FE5F590081E450 /* Webservice.swift in Sources */ = {isa = PBXBuildFile; fileRef = 38DEA74924FE5F590081E450 /* Webservice.swift */; };
		38DEA74C24FE61C40081E450 /* MovieListObservable.swift in Sources */ = {isa = PBXBuildFile; fileRef = 38DEA74B24FE61C40081E450 /* MovieListObservable.swift */; };
		38DEA74F24FE626B0081E450 /* MovieListView.swift in Sources */ = {isa = PBXBuildFile; fileRef = 38DEA74E24FE626B0081E450 /* MovieListView.swift */; };
		38DEA75224FE63530081E450 /* MovieListRow.swift in Sources */ = {isa = PBXBuildFile; fileRef = 38DEA75124FE63530081E450 /* MovieListRow.swift */; };
		38DEA75524FE64380081E450 /* SDWebImageSwiftUI in Frameworks */ = {isa = PBXBuildFile; productRef = 38DEA75424FE64380081E450 /* SDWebImageSwiftUI */; };
		38DEA75824FE66800081E450 /* MovieListEnum.swift in Sources */ = {isa = PBXBuildFile; fileRef = 38DEA75724FE66800081E450 /* MovieListEnum.swift */; };
		38E0D39624D1A5500010C878 /* LoginViewModel.swift in Sources */ = {isa = PBXBuildFile; fileRef = 38E0D39524D1A5500010C878 /* LoginViewModel.swift */; };
		38E0D39924D1AC1A0010C878 /* LoginEnum.swift in Sources */ = {isa = PBXBuildFile; fileRef = 38E0D39824D1AC1A0010C878 /* LoginEnum.swift */; };
		38E0D39C24D1ACB30010C878 /* HeaderView.swift in Sources */ = {isa = PBXBuildFile; fileRef = 38E0D39B24D1ACB30010C878 /* HeaderView.swift */; };
		38E0D39E24D1ADA50010C878 /* TextFieldView.swift in Sources */ = {isa = PBXBuildFile; fileRef = 38E0D39D24D1ADA50010C878 /* TextFieldView.swift */; };
		38E0D3A024D1AEAD0010C878 /* SecureTextFieldView.swift in Sources */ = {isa = PBXBuildFile; fileRef = 38E0D39F24D1AEAD0010C878 /* SecureTextFieldView.swift */; };
		38E0D3A224D1AF790010C878 /* RoundedButtonView.swift in Sources */ = {isa = PBXBuildFile; fileRef = 38E0D3A124D1AF790010C878 /* RoundedButtonView.swift */; };
		38E0D3A724D1B1E30010C878 /* LoginModel.swift in Sources */ = {isa = PBXBuildFile; fileRef = 38E0D3A624D1B1E30010C878 /* LoginModel.swift */; };
		38E0D3AC24D1B2D50010C878 /* String+Extension.swift in Sources */ = {isa = PBXBuildFile; fileRef = 38E0D3A924D1B2D50010C878 /* String+Extension.swift */; };
		38E0D3AD24D1B2D50010C878 /* UIApplication+Extension.swift in Sources */ = {isa = PBXBuildFile; fileRef = 38E0D3AA24D1B2D50010C878 /* UIApplication+Extension.swift */; };
		38E0D3AE24D1B2D50010C878 /* UIColor+Extension.swift in Sources */ = {isa = PBXBuildFile; fileRef = 38E0D3AB24D1B2D50010C878 /* UIColor+Extension.swift */; };
/* End PBXBuildFile section */

/* Begin PBXContainerItemProxy section */
		38D25C6624A9D26E00AD202F /* PBXContainerItemProxy */ = {
			isa = PBXContainerItemProxy;
			containerPortal = 38D25C4424A9D26B00AD202F /* Project object */;
			proxyType = 1;
			remoteGlobalIDString = 38D25C4B24A9D26B00AD202F;
			remoteInfo = SwiftUILearning;
		};
		38D25C7124A9D26E00AD202F /* PBXContainerItemProxy */ = {
			isa = PBXContainerItemProxy;
			containerPortal = 38D25C4424A9D26B00AD202F /* Project object */;
			proxyType = 1;
			remoteGlobalIDString = 38D25C4B24A9D26B00AD202F;
			remoteInfo = SwiftUILearning;
		};
/* End PBXContainerItemProxy section */

/* Begin PBXFileReference section */
		384ECA6824B3060F00D2CDC0 /* ImageListView.swift */ = {isa = PBXFileReference; lastKnownFileType = sourcecode.swift; path = ImageListView.swift; sourceTree = "<group>"; };
		384ECA6B24B30F6A00D2CDC0 /* ImageRowView.swift */ = {isa = PBXFileReference; lastKnownFileType = sourcecode.swift; path = ImageRowView.swift; sourceTree = "<group>"; };
		384ECA6E24B30F7E00D2CDC0 /* TextAndImageView.swift */ = {isa = PBXFileReference; lastKnownFileType = sourcecode.swift; path = TextAndImageView.swift; sourceTree = "<group>"; };
		384ECA7124B3611D00D2CDC0 /* ImageListType.swift */ = {isa = PBXFileReference; lastKnownFileType = sourcecode.swift; path = ImageListType.swift; sourceTree = "<group>"; };
		384ECA7424B3614E00D2CDC0 /* ImageListViewModel.swift */ = {isa = PBXFileReference; lastKnownFileType = sourcecode.swift; path = ImageListViewModel.swift; sourceTree = "<group>"; };
		386B8C1F24C717AA00162409 /* SegmentControllerModel.swift */ = {isa = PBXFileReference; lastKnownFileType = sourcecode.swift; path = SegmentControllerModel.swift; sourceTree = "<group>"; };
		386B8C2124C717CA00162409 /* SegmentControllerView.swift */ = {isa = PBXFileReference; lastKnownFileType = sourcecode.swift; path = SegmentControllerView.swift; sourceTree = "<group>"; };
		386B8C2324C717DD00162409 /* SegmentControllerViewModel.swift */ = {isa = PBXFileReference; lastKnownFileType = sourcecode.swift; path = SegmentControllerViewModel.swift; sourceTree = "<group>"; };
		386B8C2624C718C400162409 /* SegmentControllerListView.swift */ = {isa = PBXFileReference; lastKnownFileType = sourcecode.swift; path = SegmentControllerListView.swift; sourceTree = "<group>"; };
		386B8C2824C718D100162409 /* SegmentControllerScrollView.swift */ = {isa = PBXFileReference; lastKnownFileType = sourcecode.swift; path = SegmentControllerScrollView.swift; sourceTree = "<group>"; };
		387FF9C124D7F02B001BF8E3 /* MovieDetailModel.swift */ = {isa = PBXFileReference; lastKnownFileType = sourcecode.swift; path = MovieDetailModel.swift; sourceTree = "<group>"; };
		387FF9C324D7F036001BF8E3 /* MovieDetailView.swift */ = {isa = PBXFileReference; lastKnownFileType = sourcecode.swift; path = MovieDetailView.swift; sourceTree = "<group>"; };
		387FF9C524D7F043001BF8E3 /* MovieDetailViewModel.swift */ = {isa = PBXFileReference; lastKnownFileType = sourcecode.swift; path = MovieDetailViewModel.swift; sourceTree = "<group>"; };
		387FF9C824D7F678001BF8E3 /* TagScrollView.swift */ = {isa = PBXFileReference; lastKnownFileType = sourcecode.swift; path = TagScrollView.swift; sourceTree = "<group>"; };
		387FF9CA24D7F99D001BF8E3 /* MovieDetailImageView.swift */ = {isa = PBXFileReference; lastKnownFileType = sourcecode.swift; path = MovieDetailImageView.swift; sourceTree = "<group>"; };
		387FF9CC24D7F9E0001BF8E3 /* CornerRadiusViewModifier.swift */ = {isa = PBXFileReference; lastKnownFileType = sourcecode.swift; path = CornerRadiusViewModifier.swift; sourceTree = "<group>"; };
		387FF9CE24D7FEB4001BF8E3 /* MovieRatingView.swift */ = {isa = PBXFileReference; lastKnownFileType = sourcecode.swift; path = MovieRatingView.swift; sourceTree = "<group>"; };
		387FF9D024D80958001BF8E3 /* ImageAndRatingView.swift */ = {isa = PBXFileReference; lastKnownFileType = sourcecode.swift; path = ImageAndRatingView.swift; sourceTree = "<group>"; };
		387FF9D224D81486001BF8E3 /* MovieSubDetailView.swift */ = {isa = PBXFileReference; lastKnownFileType = sourcecode.swift; path = MovieSubDetailView.swift; sourceTree = "<group>"; };
		387FF9D424D81B50001BF8E3 /* MovieDetailDescriptionView.swift */ = {isa = PBXFileReference; lastKnownFileType = sourcecode.swift; path = MovieDetailDescriptionView.swift; sourceTree = "<group>"; };
		387FF9D624D829D4001BF8E3 /* CrewAndCastView.swift */ = {isa = PBXFileReference; lastKnownFileType = sourcecode.swift; path = CrewAndCastView.swift; sourceTree = "<group>"; };
		387FF9D924D85193001BF8E3 /* AsyncImage.swift */ = {isa = PBXFileReference; lastKnownFileType = sourcecode.swift; path = AsyncImage.swift; sourceTree = "<group>"; };
		387FF9DB24D851AC001BF8E3 /* ImageCache.swift */ = {isa = PBXFileReference; lastKnownFileType = sourcecode.swift; path = ImageCache.swift; sourceTree = "<group>"; };
		387FF9DD24D851CB001BF8E3 /* ImageLoader.swift */ = {isa = PBXFileReference; lastKnownFileType = sourcecode.swift; path = ImageLoader.swift; sourceTree = "<group>"; };
		387FF9DF24D851E5001BF8E3 /* EnvironmentValues+ImageCache.swift */ = {isa = PBXFileReference; lastKnownFileType = sourcecode.swift; path = "EnvironmentValues+ImageCache.swift"; sourceTree = "<group>"; };
		388B9B1B24CFFA2900E97320 /* LoginView.swift */ = {isa = PBXFileReference; lastKnownFileType = sourcecode.swift; path = LoginView.swift; sourceTree = "<group>"; };
		388B9B1E24D019D200E97320 /* Roboto-Light.ttf */ = {isa = PBXFileReference; lastKnownFileType = file; path = "Roboto-Light.ttf"; sourceTree = "<group>"; };
		388B9B1F24D019D200E97320 /* Roboto-Thin.ttf */ = {isa = PBXFileReference; lastKnownFileType = file; path = "Roboto-Thin.ttf"; sourceTree = "<group>"; };
		388B9B2024D019D200E97320 /* Roboto-BlackItalic.ttf */ = {isa = PBXFileReference; lastKnownFileType = file; path = "Roboto-BlackItalic.ttf"; sourceTree = "<group>"; };
		388B9B2124D019D200E97320 /* Roboto-Regular.ttf */ = {isa = PBXFileReference; lastKnownFileType = file; path = "Roboto-Regular.ttf"; sourceTree = "<group>"; };
		388B9B2224D019D200E97320 /* Roboto-ThinItalic.ttf */ = {isa = PBXFileReference; lastKnownFileType = file; path = "Roboto-ThinItalic.ttf"; sourceTree = "<group>"; };
		388B9B2324D019D300E97320 /* Roboto-Black.ttf */ = {isa = PBXFileReference; lastKnownFileType = file; path = "Roboto-Black.ttf"; sourceTree = "<group>"; };
		388B9B2424D019D300E97320 /* Roboto-LightItalic.ttf */ = {isa = PBXFileReference; lastKnownFileType = file; path = "Roboto-LightItalic.ttf"; sourceTree = "<group>"; };
		388B9B2524D019D300E97320 /* Roboto-BoldItalic.ttf */ = {isa = PBXFileReference; lastKnownFileType = file; path = "Roboto-BoldItalic.ttf"; sourceTree = "<group>"; };
		388B9B2624D019D300E97320 /* Roboto-Bold.ttf */ = {isa = PBXFileReference; lastKnownFileType = file; path = "Roboto-Bold.ttf"; sourceTree = "<group>"; };
		388B9B2724D019D300E97320 /* Roboto-Italic.ttf */ = {isa = PBXFileReference; lastKnownFileType = file; path = "Roboto-Italic.ttf"; sourceTree = "<group>"; };
		388B9B2824D019D300E97320 /* Roboto-Medium.ttf */ = {isa = PBXFileReference; lastKnownFileType = file; path = "Roboto-Medium.ttf"; sourceTree = "<group>"; };
		388B9B2924D019D400E97320 /* Roboto-MediumItalic.ttf */ = {isa = PBXFileReference; lastKnownFileType = file; path = "Roboto-MediumItalic.ttf"; sourceTree = "<group>"; };
		388B9B3724D01B3F00E97320 /* Constants.swift */ = {isa = PBXFileReference; lastKnownFileType = sourcecode.swift; path = Constants.swift; sourceTree = "<group>"; };
		3890EFCA24C9C4FE004EB658 /* TeamDetailsView.swift */ = {isa = PBXFileReference; lastKnownFileType = sourcecode.swift; path = TeamDetailsView.swift; sourceTree = "<group>"; };
		3891E56224C80EAD00D4C661 /* TeamListRow.swift */ = {isa = PBXFileReference; lastKnownFileType = sourcecode.swift; path = TeamListRow.swift; sourceTree = "<group>"; };
		389F912225038AC300352DFE /* PickerListView.swift */ = {isa = PBXFileReference; lastKnownFileType = sourcecode.swift; path = PickerListView.swift; sourceTree = "<group>"; };
		389F9127250390A100352DFE /* PickerEnums.swift */ = {isa = PBXFileReference; lastKnownFileType = sourcecode.swift; path = PickerEnums.swift; sourceTree = "<group>"; };
		38A439C424BC330B00CA4CEB /* ListEnum.swift */ = {isa = PBXFileReference; lastKnownFileType = sourcecode.swift; path = ListEnum.swift; sourceTree = "<group>"; };
		38A439C624BC336100CA4CEB /* ListHomeView.swift */ = {isa = PBXFileReference; lastKnownFileType = sourcecode.swift; path = ListHomeView.swift; sourceTree = "<group>"; };
		38A439C924BC337E00CA4CEB /* ListTypeView.swift */ = {isa = PBXFileReference; lastKnownFileType = sourcecode.swift; path = ListTypeView.swift; sourceTree = "<group>"; };
		38A439CB24BC339900CA4CEB /* HomeScrollView.swift */ = {isa = PBXFileReference; lastKnownFileType = sourcecode.swift; path = HomeScrollView.swift; sourceTree = "<group>"; };
		38A439CD24BC33AD00CA4CEB /* ListHomeViewModel.swift */ = {isa = PBXFileReference; lastKnownFileType = sourcecode.swift; path = ListHomeViewModel.swift; sourceTree = "<group>"; };
		38A439D024BC4C2F00CA4CEB /* ListHomeModel.swift */ = {isa = PBXFileReference; lastKnownFileType = sourcecode.swift; path = ListHomeModel.swift; sourceTree = "<group>"; };
		38A439D224BC4F6200CA4CEB /* README.md */ = {isa = PBXFileReference; fileEncoding = 4; lastKnownFileType = net.daringfireball.markdown; path = README.md; sourceTree = SOURCE_ROOT; };
		38A439D524BC72B500CA4CEB /* SocialMediaListRow.swift */ = {isa = PBXFileReference; lastKnownFileType = sourcecode.swift; path = SocialMediaListRow.swift; sourceTree = "<group>"; };
		38C0CC9D24D1B44E00A6192C /* ForgotPasswordView.swift */ = {isa = PBXFileReference; lastKnownFileType = sourcecode.swift; path = ForgotPasswordView.swift; sourceTree = "<group>"; };
		38D25C4C24A9D26B00AD202F /* SwiftUILearning.app */ = {isa = PBXFileReference; explicitFileType = wrapper.application; includeInIndex = 0; path = SwiftUILearning.app; sourceTree = BUILT_PRODUCTS_DIR; };
		38D25C4F24A9D26B00AD202F /* AppDelegate.swift */ = {isa = PBXFileReference; lastKnownFileType = sourcecode.swift; path = AppDelegate.swift; sourceTree = "<group>"; };
		38D25C5124A9D26B00AD202F /* SceneDelegate.swift */ = {isa = PBXFileReference; lastKnownFileType = sourcecode.swift; path = SceneDelegate.swift; sourceTree = "<group>"; };
		38D25C5424A9D26B00AD202F /* SwiftUILearning.xcdatamodel */ = {isa = PBXFileReference; lastKnownFileType = wrapper.xcdatamodel; path = SwiftUILearning.xcdatamodel; sourceTree = "<group>"; };
		38D25C5624A9D26B00AD202F /* ContentView.swift */ = {isa = PBXFileReference; lastKnownFileType = sourcecode.swift; path = ContentView.swift; sourceTree = "<group>"; };
		38D25C5824A9D26E00AD202F /* Assets.xcassets */ = {isa = PBXFileReference; lastKnownFileType = folder.assetcatalog; path = Assets.xcassets; sourceTree = "<group>"; };
		38D25C5B24A9D26E00AD202F /* Preview Assets.xcassets */ = {isa = PBXFileReference; lastKnownFileType = folder.assetcatalog; path = "Preview Assets.xcassets"; sourceTree = "<group>"; };
		38D25C5E24A9D26E00AD202F /* Base */ = {isa = PBXFileReference; lastKnownFileType = file.storyboard; name = Base; path = Base.lproj/LaunchScreen.storyboard; sourceTree = "<group>"; };
		38D25C6024A9D26E00AD202F /* Info.plist */ = {isa = PBXFileReference; lastKnownFileType = text.plist.xml; path = Info.plist; sourceTree = "<group>"; };
		38D25C6524A9D26E00AD202F /* SwiftUILearningTests.xctest */ = {isa = PBXFileReference; explicitFileType = wrapper.cfbundle; includeInIndex = 0; path = SwiftUILearningTests.xctest; sourceTree = BUILT_PRODUCTS_DIR; };
		38D25C6924A9D26E00AD202F /* SwiftUILearningTests.swift */ = {isa = PBXFileReference; lastKnownFileType = sourcecode.swift; path = SwiftUILearningTests.swift; sourceTree = "<group>"; };
		38D25C6B24A9D26E00AD202F /* Info.plist */ = {isa = PBXFileReference; lastKnownFileType = text.plist.xml; path = Info.plist; sourceTree = "<group>"; };
		38D25C7024A9D26E00AD202F /* SwiftUILearningUITests.xctest */ = {isa = PBXFileReference; explicitFileType = wrapper.cfbundle; includeInIndex = 0; path = SwiftUILearningUITests.xctest; sourceTree = BUILT_PRODUCTS_DIR; };
		38D25C7424A9D26E00AD202F /* SwiftUILearningUITests.swift */ = {isa = PBXFileReference; lastKnownFileType = sourcecode.swift; path = SwiftUILearningUITests.swift; sourceTree = "<group>"; };
		38D25C7624A9D26E00AD202F /* Info.plist */ = {isa = PBXFileReference; lastKnownFileType = text.plist.xml; path = Info.plist; sourceTree = "<group>"; };
		38D25C8524A9D2E600AD202F /* TextSwiftUIView.swift */ = {isa = PBXFileReference; lastKnownFileType = sourcecode.swift; path = TextSwiftUIView.swift; sourceTree = "<group>"; };
		38D25C8A24A9D65400AD202F /* ContentViewModel.swift */ = {isa = PBXFileReference; lastKnownFileType = sourcecode.swift; path = ContentViewModel.swift; sourceTree = "<group>"; };
		38D25C8D24A9D75E00AD202F /* ContentModel.swift */ = {isa = PBXFileReference; lastKnownFileType = sourcecode.swift; path = ContentModel.swift; sourceTree = "<group>"; };
		38D25C9024A9D81700AD202F /* ContentEnum.swift */ = {isa = PBXFileReference; lastKnownFileType = sourcecode.swift; path = ContentEnum.swift; sourceTree = "<group>"; };
		38DEA74524FE5F040081E450 /* PopularMovieModel.swift */ = {isa = PBXFileReference; lastKnownFileType = sourcecode.swift; path = PopularMovieModel.swift; sourceTree = "<group>"; };
		38DEA74924FE5F590081E450 /* Webservice.swift */ = {isa = PBXFileReference; lastKnownFileType = sourcecode.swift; path = Webservice.swift; sourceTree = "<group>"; };
		38DEA74B24FE61C40081E450 /* MovieListObservable.swift */ = {isa = PBXFileReference; lastKnownFileType = sourcecode.swift; path = MovieListObservable.swift; sourceTree = "<group>"; };
		38DEA74E24FE626B0081E450 /* MovieListView.swift */ = {isa = PBXFileReference; lastKnownFileType = sourcecode.swift; path = MovieListView.swift; sourceTree = "<group>"; };
		38DEA75124FE63530081E450 /* MovieListRow.swift */ = {isa = PBXFileReference; lastKnownFileType = sourcecode.swift; path = MovieListRow.swift; sourceTree = "<group>"; };
		38DEA75724FE66800081E450 /* MovieListEnum.swift */ = {isa = PBXFileReference; lastKnownFileType = sourcecode.swift; path = MovieListEnum.swift; sourceTree = "<group>"; };
		38E0D39524D1A5500010C878 /* LoginViewModel.swift */ = {isa = PBXFileReference; lastKnownFileType = sourcecode.swift; path = LoginViewModel.swift; sourceTree = "<group>"; };
		38E0D39824D1AC1A0010C878 /* LoginEnum.swift */ = {isa = PBXFileReference; lastKnownFileType = sourcecode.swift; path = LoginEnum.swift; sourceTree = "<group>"; };
		38E0D39B24D1ACB30010C878 /* HeaderView.swift */ = {isa = PBXFileReference; lastKnownFileType = sourcecode.swift; path = HeaderView.swift; sourceTree = "<group>"; };
		38E0D39D24D1ADA50010C878 /* TextFieldView.swift */ = {isa = PBXFileReference; lastKnownFileType = sourcecode.swift; path = TextFieldView.swift; sourceTree = "<group>"; };
		38E0D39F24D1AEAD0010C878 /* SecureTextFieldView.swift */ = {isa = PBXFileReference; lastKnownFileType = sourcecode.swift; path = SecureTextFieldView.swift; sourceTree = "<group>"; };
		38E0D3A124D1AF790010C878 /* RoundedButtonView.swift */ = {isa = PBXFileReference; lastKnownFileType = sourcecode.swift; path = RoundedButtonView.swift; sourceTree = "<group>"; };
		38E0D3A624D1B1E30010C878 /* LoginModel.swift */ = {isa = PBXFileReference; lastKnownFileType = sourcecode.swift; path = LoginModel.swift; sourceTree = "<group>"; };
		38E0D3A924D1B2D50010C878 /* String+Extension.swift */ = {isa = PBXFileReference; fileEncoding = 4; lastKnownFileType = sourcecode.swift; path = "String+Extension.swift"; sourceTree = "<group>"; };
		38E0D3AA24D1B2D50010C878 /* UIApplication+Extension.swift */ = {isa = PBXFileReference; fileEncoding = 4; lastKnownFileType = sourcecode.swift; path = "UIApplication+Extension.swift"; sourceTree = "<group>"; };
		38E0D3AB24D1B2D50010C878 /* UIColor+Extension.swift */ = {isa = PBXFileReference; fileEncoding = 4; lastKnownFileType = sourcecode.swift; path = "UIColor+Extension.swift"; sourceTree = "<group>"; };
/* End PBXFileReference section */

/* Begin PBXFrameworksBuildPhase section */
		38D25C4924A9D26B00AD202F /* Frameworks */ = {
			isa = PBXFrameworksBuildPhase;
			buildActionMask = 2147483647;
			files = (
				38DEA75524FE64380081E450 /* SDWebImageSwiftUI in Frameworks */,
			);
			runOnlyForDeploymentPostprocessing = 0;
		};
		38D25C6224A9D26E00AD202F /* Frameworks */ = {
			isa = PBXFrameworksBuildPhase;
			buildActionMask = 2147483647;
			files = (
			);
			runOnlyForDeploymentPostprocessing = 0;
		};
		38D25C6D24A9D26E00AD202F /* Frameworks */ = {
			isa = PBXFrameworksBuildPhase;
			buildActionMask = 2147483647;
			files = (
			);
			runOnlyForDeploymentPostprocessing = 0;
		};
/* End PBXFrameworksBuildPhase section */

/* Begin PBXGroup section */
		384ECA6624B3057300D2CDC0 /* ImageView - Week 2 */ = {
			isa = PBXGroup;
			children = (
				384ECA7024B3610100D2CDC0 /* Enum */,
				384ECA6724B3058600D2CDC0 /* View */,
				384ECA7324B3613600D2CDC0 /* ViewModel */,
			);
			path = "ImageView - Week 2";
			sourceTree = "<group>";
		};
		384ECA6724B3058600D2CDC0 /* View */ = {
			isa = PBXGroup;
			children = (
				384ECA6A24B30F4000D2CDC0 /* SubViews */,
				384ECA6824B3060F00D2CDC0 /* ImageListView.swift */,
			);
			path = View;
			sourceTree = "<group>";
		};
		384ECA6A24B30F4000D2CDC0 /* SubViews */ = {
			isa = PBXGroup;
			children = (
				384ECA6B24B30F6A00D2CDC0 /* ImageRowView.swift */,
				384ECA6E24B30F7E00D2CDC0 /* TextAndImageView.swift */,
			);
			path = SubViews;
			sourceTree = "<group>";
		};
		384ECA7024B3610100D2CDC0 /* Enum */ = {
			isa = PBXGroup;
			children = (
				384ECA7124B3611D00D2CDC0 /* ImageListType.swift */,
			);
			path = Enum;
			sourceTree = "<group>";
		};
		384ECA7324B3613600D2CDC0 /* ViewModel */ = {
			isa = PBXGroup;
			children = (
				384ECA7424B3614E00D2CDC0 /* ImageListViewModel.swift */,
			);
			path = ViewModel;
			sourceTree = "<group>";
		};
		386B8C1B24C7174A00162409 /* SegmentController - Week 4 */ = {
			isa = PBXGroup;
			children = (
				386B8C1C24C7177100162409 /* Model */,
				386B8C1D24C7178600162409 /* View */,
				386B8C1E24C7178C00162409 /* ViewModel */,
			);
			path = "SegmentController - Week 4";
			sourceTree = "<group>";
		};
		386B8C1C24C7177100162409 /* Model */ = {
			isa = PBXGroup;
			children = (
				386B8C1F24C717AA00162409 /* SegmentControllerModel.swift */,
			);
			path = Model;
			sourceTree = "<group>";
		};
		386B8C1D24C7178600162409 /* View */ = {
			isa = PBXGroup;
			children = (
				386B8C2124C717CA00162409 /* SegmentControllerView.swift */,
				386B8C2524C718AB00162409 /* SubViews */,
			);
			path = View;
			sourceTree = "<group>";
		};
		386B8C1E24C7178C00162409 /* ViewModel */ = {
			isa = PBXGroup;
			children = (
				386B8C2324C717DD00162409 /* SegmentControllerViewModel.swift */,
			);
			path = ViewModel;
			sourceTree = "<group>";
		};
		386B8C2524C718AB00162409 /* SubViews */ = {
			isa = PBXGroup;
			children = (
				3891E56124C80E8900D4C661 /* Rows */,
				386B8C2624C718C400162409 /* SegmentControllerListView.swift */,
				386B8C2824C718D100162409 /* SegmentControllerScrollView.swift */,
				3890EFCA24C9C4FE004EB658 /* TeamDetailsView.swift */,
			);
			path = SubViews;
			sourceTree = "<group>";
		};
		387FF9BD24D7EFAC001BF8E3 /* MovieAppUI - Week 6 */ = {
			isa = PBXGroup;
			children = (
				387FF9C024D7EFF0001BF8E3 /* Model */,
				387FF9BF24D7EFEB001BF8E3 /* View */,
				387FF9BE24D7EFE3001BF8E3 /* ViewModel */,
			);
			path = "MovieAppUI - Week 6";
			sourceTree = "<group>";
		};
		387FF9BE24D7EFE3001BF8E3 /* ViewModel */ = {
			isa = PBXGroup;
			children = (
				387FF9C524D7F043001BF8E3 /* MovieDetailViewModel.swift */,
			);
			path = ViewModel;
			sourceTree = "<group>";
		};
		387FF9BF24D7EFEB001BF8E3 /* View */ = {
			isa = PBXGroup;
			children = (
				387FF9C324D7F036001BF8E3 /* MovieDetailView.swift */,
				387FF9C724D7F65F001BF8E3 /* SubViews */,
			);
			path = View;
			sourceTree = "<group>";
		};
		387FF9C024D7EFF0001BF8E3 /* Model */ = {
			isa = PBXGroup;
			children = (
				387FF9C124D7F02B001BF8E3 /* MovieDetailModel.swift */,
			);
			path = Model;
			sourceTree = "<group>";
		};
		387FF9C724D7F65F001BF8E3 /* SubViews */ = {
			isa = PBXGroup;
			children = (
				387FF9C824D7F678001BF8E3 /* TagScrollView.swift */,
				387FF9CA24D7F99D001BF8E3 /* MovieDetailImageView.swift */,
				387FF9CE24D7FEB4001BF8E3 /* MovieRatingView.swift */,
				387FF9D024D80958001BF8E3 /* ImageAndRatingView.swift */,
				387FF9D224D81486001BF8E3 /* MovieSubDetailView.swift */,
				387FF9D424D81B50001BF8E3 /* MovieDetailDescriptionView.swift */,
				387FF9D624D829D4001BF8E3 /* CrewAndCastView.swift */,
			);
			path = SubViews;
			sourceTree = "<group>";
		};
		387FF9D824D8517D001BF8E3 /* AsyncImage */ = {
			isa = PBXGroup;
			children = (
				387FF9D924D85193001BF8E3 /* AsyncImage.swift */,
				387FF9DB24D851AC001BF8E3 /* ImageCache.swift */,
				387FF9DD24D851CB001BF8E3 /* ImageLoader.swift */,
				387FF9DF24D851E5001BF8E3 /* EnvironmentValues+ImageCache.swift */,
			);
			path = AsyncImage;
			sourceTree = "<group>";
		};
		388B9B1724CFF9EE00E97320 /* LoginView - Week 5 */ = {
			isa = PBXGroup;
			children = (
				38E0D39724D1AC060010C878 /* Enums */,
				388B9B1A24CFFA1800E97320 /* Model */,
				388B9B1924CFFA1300E97320 /* View */,
				388B9B1824CFFA0200E97320 /* ViewModel */,
			);
			path = "LoginView - Week 5";
			sourceTree = "<group>";
		};
		388B9B1824CFFA0200E97320 /* ViewModel */ = {
			isa = PBXGroup;
			children = (
				38E0D39524D1A5500010C878 /* LoginViewModel.swift */,
			);
			path = ViewModel;
			sourceTree = "<group>";
		};
		388B9B1924CFFA1300E97320 /* View */ = {
			isa = PBXGroup;
			children = (
				38E0D39A24D1ACA00010C878 /* Subviews */,
				388B9B1B24CFFA2900E97320 /* LoginView.swift */,
			);
			path = View;
			sourceTree = "<group>";
		};
		388B9B1A24CFFA1800E97320 /* Model */ = {
			isa = PBXGroup;
			children = (
				38E0D3A624D1B1E30010C878 /* LoginModel.swift */,
			);
			path = Model;
			sourceTree = "<group>";
		};
		388B9B1D24D019C000E97320 /* Fonts */ = {
			isa = PBXGroup;
			children = (
				388B9B2324D019D300E97320 /* Roboto-Black.ttf */,
				388B9B2024D019D200E97320 /* Roboto-BlackItalic.ttf */,
				388B9B2624D019D300E97320 /* Roboto-Bold.ttf */,
				388B9B2524D019D300E97320 /* Roboto-BoldItalic.ttf */,
				388B9B2724D019D300E97320 /* Roboto-Italic.ttf */,
				388B9B1E24D019D200E97320 /* Roboto-Light.ttf */,
				388B9B2424D019D300E97320 /* Roboto-LightItalic.ttf */,
				388B9B2824D019D300E97320 /* Roboto-Medium.ttf */,
				388B9B2924D019D400E97320 /* Roboto-MediumItalic.ttf */,
				388B9B2124D019D200E97320 /* Roboto-Regular.ttf */,
				388B9B1F24D019D200E97320 /* Roboto-Thin.ttf */,
				388B9B2224D019D200E97320 /* Roboto-ThinItalic.ttf */,
			);
			path = Fonts;
			sourceTree = "<group>";
		};
		388B9B3624D01B2D00E97320 /* Utilities */ = {
			isa = PBXGroup;
			children = (
				387FF9D824D8517D001BF8E3 /* AsyncImage */,
				388B9B3724D01B3F00E97320 /* Constants.swift */,
				387FF9CC24D7F9E0001BF8E3 /* CornerRadiusViewModifier.swift */,
			);
			path = Utilities;
			sourceTree = "<group>";
		};
		3891E56124C80E8900D4C661 /* Rows */ = {
			isa = PBXGroup;
			children = (
				3891E56224C80EAD00D4C661 /* TeamListRow.swift */,
			);
			path = Rows;
			sourceTree = "<group>";
		};
		389F911D25038A7000352DFE /* Picker - Week 8 */ = {
			isa = PBXGroup;
			children = (
				389F911E25038A8000352DFE /* Enums */,
				389F912025038A8B00352DFE /* View */,
			);
			path = "Picker - Week 8";
			sourceTree = "<group>";
		};
		389F911E25038A8000352DFE /* Enums */ = {
			isa = PBXGroup;
			children = (
				389F9127250390A100352DFE /* PickerEnums.swift */,
			);
			path = Enums;
			sourceTree = "<group>";
		};
		389F912025038A8B00352DFE /* View */ = {
			isa = PBXGroup;
			children = (
				389F912225038AC300352DFE /* PickerListView.swift */,
			);
			path = View;
			sourceTree = "<group>";
		};
		38A439C024BC32BF00CA4CEB /* List - Week 3 */ = {
			isa = PBXGroup;
			children = (
				38A439C124BC32D600CA4CEB /* Enum */,
				38A439CF24BC4C1600CA4CEB /* Model */,
				38A439C224BC32DE00CA4CEB /* View */,
				38A439C324BC32E300CA4CEB /* ViewModel */,
			);
			path = "List - Week 3";
			sourceTree = "<group>";
		};
		38A439C124BC32D600CA4CEB /* Enum */ = {
			isa = PBXGroup;
			children = (
				38A439C424BC330B00CA4CEB /* ListEnum.swift */,
			);
			path = Enum;
			sourceTree = "<group>";
		};
		38A439C224BC32DE00CA4CEB /* View */ = {
			isa = PBXGroup;
			children = (
				38A439C824BC336600CA4CEB /* SubViews */,
				38A439C624BC336100CA4CEB /* ListHomeView.swift */,
			);
			path = View;
			sourceTree = "<group>";
		};
		38A439C324BC32E300CA4CEB /* ViewModel */ = {
			isa = PBXGroup;
			children = (
				38A439CD24BC33AD00CA4CEB /* ListHomeViewModel.swift */,
			);
			path = ViewModel;
			sourceTree = "<group>";
		};
		38A439C824BC336600CA4CEB /* SubViews */ = {
			isa = PBXGroup;
			children = (
				38A439D424BC72AA00CA4CEB /* Rows */,
				38A439C924BC337E00CA4CEB /* ListTypeView.swift */,
				38A439CB24BC339900CA4CEB /* HomeScrollView.swift */,
			);
			path = SubViews;
			sourceTree = "<group>";
		};
		38A439CF24BC4C1600CA4CEB /* Model */ = {
			isa = PBXGroup;
			children = (
				38A439D024BC4C2F00CA4CEB /* ListHomeModel.swift */,
			);
			path = Model;
			sourceTree = "<group>";
		};
		38A439D424BC72AA00CA4CEB /* Rows */ = {
			isa = PBXGroup;
			children = (
				38A439D524BC72B500CA4CEB /* SocialMediaListRow.swift */,
			);
			path = Rows;
			sourceTree = "<group>";
		};
		38D25C4324A9D26B00AD202F = {
			isa = PBXGroup;
			children = (
				38D25C4E24A9D26B00AD202F /* SwiftUILearning */,
				38D25C6824A9D26E00AD202F /* SwiftUILearningTests */,
				38D25C7324A9D26E00AD202F /* SwiftUILearningUITests */,
				38D25C4D24A9D26B00AD202F /* Products */,
			);
			sourceTree = "<group>";
		};
		38D25C4D24A9D26B00AD202F /* Products */ = {
			isa = PBXGroup;
			children = (
				38D25C4C24A9D26B00AD202F /* SwiftUILearning.app */,
				38D25C6524A9D26E00AD202F /* SwiftUILearningTests.xctest */,
				38D25C7024A9D26E00AD202F /* SwiftUILearningUITests.xctest */,
			);
			name = Products;
			sourceTree = "<group>";
		};
		38D25C4E24A9D26B00AD202F /* SwiftUILearning */ = {
			isa = PBXGroup;
			children = (
				38A439D224BC4F6200CA4CEB /* README.md */,
				38E0D3A824D1B26C0010C878 /* Extensions */,
				388B9B3624D01B2D00E97320 /* Utilities */,
				388B9B1D24D019C000E97320 /* Fonts */,
				38D25C8324A9D29000AD202F /* Components */,
				38D25C8224A9D28300AD202F /* AppDelegate */,
				38D25C5824A9D26E00AD202F /* Assets.xcassets */,
				38D25C5D24A9D26E00AD202F /* LaunchScreen.storyboard */,
				38D25C6024A9D26E00AD202F /* Info.plist */,
				38D25C5324A9D26B00AD202F /* SwiftUILearning.xcdatamodeld */,
				38D25C5A24A9D26E00AD202F /* Preview Content */,
			);
			path = SwiftUILearning;
			sourceTree = "<group>";
		};
		38D25C5A24A9D26E00AD202F /* Preview Content */ = {
			isa = PBXGroup;
			children = (
				38D25C5B24A9D26E00AD202F /* Preview Assets.xcassets */,
			);
			path = "Preview Content";
			sourceTree = "<group>";
		};
		38D25C6824A9D26E00AD202F /* SwiftUILearningTests */ = {
			isa = PBXGroup;
			children = (
				38D25C6924A9D26E00AD202F /* SwiftUILearningTests.swift */,
				38D25C6B24A9D26E00AD202F /* Info.plist */,
			);
			path = SwiftUILearningTests;
			sourceTree = "<group>";
		};
		38D25C7324A9D26E00AD202F /* SwiftUILearningUITests */ = {
			isa = PBXGroup;
			children = (
				38D25C7424A9D26E00AD202F /* SwiftUILearningUITests.swift */,
				38D25C7624A9D26E00AD202F /* Info.plist */,
			);
			path = SwiftUILearningUITests;
			sourceTree = "<group>";
		};
		38D25C8224A9D28300AD202F /* AppDelegate */ = {
			isa = PBXGroup;
			children = (
				38D25C4F24A9D26B00AD202F /* AppDelegate.swift */,
				38D25C5124A9D26B00AD202F /* SceneDelegate.swift */,
			);
			path = AppDelegate;
			sourceTree = "<group>";
		};
		38D25C8324A9D29000AD202F /* Components */ = {
			isa = PBXGroup;
			children = (
				38D25C8724A9D62900AD202F /* ContentView */,
				38D25C8424A9D29B00AD202F /* Text - Week 1 */,
				384ECA6624B3057300D2CDC0 /* ImageView - Week 2 */,
				38A439C024BC32BF00CA4CEB /* List - Week 3 */,
				386B8C1B24C7174A00162409 /* SegmentController - Week 4 */,
				388B9B1724CFF9EE00E97320 /* LoginView - Week 5 */,
				387FF9BD24D7EFAC001BF8E3 /* MovieAppUI - Week 6 */,
				38DEA74324FE5DA60081E450 /* Combine - Week 7 */,
				389F911D25038A7000352DFE /* Picker - Week 8 */,
			);
			path = Components;
			sourceTree = "<group>";
		};
		38D25C8424A9D29B00AD202F /* Text - Week 1 */ = {
			isa = PBXGroup;
			children = (
				38D25C8524A9D2E600AD202F /* TextSwiftUIView.swift */,
			);
			path = "Text - Week 1";
			sourceTree = "<group>";
		};
		38D25C8724A9D62900AD202F /* ContentView */ = {
			isa = PBXGroup;
			children = (
				38D25C8F24A9D80900AD202F /* Enum */,
				38D25C8C24A9D75100AD202F /* Model */,
				38D25C8824A9D63900AD202F /* View */,
				38D25C8924A9D64000AD202F /* ViewModel */,
			);
			path = ContentView;
			sourceTree = "<group>";
		};
		38D25C8824A9D63900AD202F /* View */ = {
			isa = PBXGroup;
			children = (
				38D25C5624A9D26B00AD202F /* ContentView.swift */,
			);
			path = View;
			sourceTree = "<group>";
		};
		38D25C8924A9D64000AD202F /* ViewModel */ = {
			isa = PBXGroup;
			children = (
				38D25C8A24A9D65400AD202F /* ContentViewModel.swift */,
			);
			path = ViewModel;
			sourceTree = "<group>";
		};
		38D25C8C24A9D75100AD202F /* Model */ = {
			isa = PBXGroup;
			children = (
				38D25C8D24A9D75E00AD202F /* ContentModel.swift */,
			);
			path = Model;
			sourceTree = "<group>";
		};
		38D25C8F24A9D80900AD202F /* Enum */ = {
			isa = PBXGroup;
			children = (
				38D25C9024A9D81700AD202F /* ContentEnum.swift */,
			);
			path = Enum;
			sourceTree = "<group>";
		};
		38DEA74324FE5DA60081E450 /* Combine - Week 7 */ = {
			isa = PBXGroup;
			children = (
				38DEA75624FE666D0081E450 /* Enum */,
				38DEA74824FE5F460081E450 /* NetworkLayer */,
				38DEA74724FE5F3B0081E450 /* ObservableObject */,
				38DEA74424FE5EF30081E450 /* Model */,
				38DEA74D24FE622C0081E450 /* View */,
			);
			path = "Combine - Week 7";
			sourceTree = "<group>";
		};
		38DEA74424FE5EF30081E450 /* Model */ = {
			isa = PBXGroup;
			children = (
				38DEA74524FE5F040081E450 /* PopularMovieModel.swift */,
			);
			path = Model;
			sourceTree = "<group>";
		};
		38DEA74724FE5F3B0081E450 /* ObservableObject */ = {
			isa = PBXGroup;
			children = (
				38DEA74B24FE61C40081E450 /* MovieListObservable.swift */,
			);
			path = ObservableObject;
			sourceTree = "<group>";
		};
		38DEA74824FE5F460081E450 /* NetworkLayer */ = {
			isa = PBXGroup;
			children = (
				38DEA74924FE5F590081E450 /* Webservice.swift */,
			);
			path = NetworkLayer;
			sourceTree = "<group>";
		};
		38DEA74D24FE622C0081E450 /* View */ = {
			isa = PBXGroup;
			children = (
				38DEA75024FE633D0081E450 /* Rows */,
				38DEA74E24FE626B0081E450 /* MovieListView.swift */,
			);
			path = View;
			sourceTree = "<group>";
		};
		38DEA75024FE633D0081E450 /* Rows */ = {
			isa = PBXGroup;
			children = (
				38DEA75124FE63530081E450 /* MovieListRow.swift */,
			);
			path = Rows;
			sourceTree = "<group>";
		};
		38DEA75624FE666D0081E450 /* Enum */ = {
			isa = PBXGroup;
			children = (
				38DEA75724FE66800081E450 /* MovieListEnum.swift */,
			);
			path = Enum;
			sourceTree = "<group>";
		};
		38E0D39724D1AC060010C878 /* Enums */ = {
			isa = PBXGroup;
			children = (
				38E0D39824D1AC1A0010C878 /* LoginEnum.swift */,
			);
			path = Enums;
			sourceTree = "<group>";
		};
		38E0D39A24D1ACA00010C878 /* Subviews */ = {
			isa = PBXGroup;
			children = (
				38E0D39B24D1ACB30010C878 /* HeaderView.swift */,
				38E0D39D24D1ADA50010C878 /* TextFieldView.swift */,
				38E0D39F24D1AEAD0010C878 /* SecureTextFieldView.swift */,
				38E0D3A124D1AF790010C878 /* RoundedButtonView.swift */,
				38C0CC9D24D1B44E00A6192C /* ForgotPasswordView.swift */,
			);
			path = Subviews;
			sourceTree = "<group>";
		};
		38E0D3A824D1B26C0010C878 /* Extensions */ = {
			isa = PBXGroup;
			children = (
				38E0D3A924D1B2D50010C878 /* String+Extension.swift */,
				38E0D3AA24D1B2D50010C878 /* UIApplication+Extension.swift */,
				38E0D3AB24D1B2D50010C878 /* UIColor+Extension.swift */,
			);
			path = Extensions;
			sourceTree = "<group>";
		};
/* End PBXGroup section */

/* Begin PBXNativeTarget section */
		38D25C4B24A9D26B00AD202F /* SwiftUILearning */ = {
			isa = PBXNativeTarget;
			buildConfigurationList = 38D25C7924A9D26E00AD202F /* Build configuration list for PBXNativeTarget "SwiftUILearning" */;
			buildPhases = (
				38D25C4824A9D26B00AD202F /* Sources */,
				38D25C4924A9D26B00AD202F /* Frameworks */,
				38D25C4A24A9D26B00AD202F /* Resources */,
			);
			buildRules = (
			);
			dependencies = (
			);
			name = SwiftUILearning;
			packageProductDependencies = (
				38DEA75424FE64380081E450 /* SDWebImageSwiftUI */,
			);
			productName = SwiftUILearning;
			productReference = 38D25C4C24A9D26B00AD202F /* SwiftUILearning.app */;
			productType = "com.apple.product-type.application";
		};
		38D25C6424A9D26E00AD202F /* SwiftUILearningTests */ = {
			isa = PBXNativeTarget;
			buildConfigurationList = 38D25C7C24A9D26E00AD202F /* Build configuration list for PBXNativeTarget "SwiftUILearningTests" */;
			buildPhases = (
				38D25C6124A9D26E00AD202F /* Sources */,
				38D25C6224A9D26E00AD202F /* Frameworks */,
				38D25C6324A9D26E00AD202F /* Resources */,
			);
			buildRules = (
			);
			dependencies = (
				38D25C6724A9D26E00AD202F /* PBXTargetDependency */,
			);
			name = SwiftUILearningTests;
			productName = SwiftUILearningTests;
			productReference = 38D25C6524A9D26E00AD202F /* SwiftUILearningTests.xctest */;
			productType = "com.apple.product-type.bundle.unit-test";
		};
		38D25C6F24A9D26E00AD202F /* SwiftUILearningUITests */ = {
			isa = PBXNativeTarget;
			buildConfigurationList = 38D25C7F24A9D26E00AD202F /* Build configuration list for PBXNativeTarget "SwiftUILearningUITests" */;
			buildPhases = (
				38D25C6C24A9D26E00AD202F /* Sources */,
				38D25C6D24A9D26E00AD202F /* Frameworks */,
				38D25C6E24A9D26E00AD202F /* Resources */,
			);
			buildRules = (
			);
			dependencies = (
				38D25C7224A9D26E00AD202F /* PBXTargetDependency */,
			);
			name = SwiftUILearningUITests;
			productName = SwiftUILearningUITests;
			productReference = 38D25C7024A9D26E00AD202F /* SwiftUILearningUITests.xctest */;
			productType = "com.apple.product-type.bundle.ui-testing";
		};
/* End PBXNativeTarget section */

/* Begin PBXProject section */
		38D25C4424A9D26B00AD202F /* Project object */ = {
			isa = PBXProject;
			attributes = {
				LastSwiftUpdateCheck = 1150;
				LastUpgradeCheck = 1150;
				ORGANIZATIONNAME = "Shahrukh Shikalgar";
				TargetAttributes = {
					38D25C4B24A9D26B00AD202F = {
						CreatedOnToolsVersion = 11.5;
					};
					38D25C6424A9D26E00AD202F = {
						CreatedOnToolsVersion = 11.5;
						TestTargetID = 38D25C4B24A9D26B00AD202F;
					};
					38D25C6F24A9D26E00AD202F = {
						CreatedOnToolsVersion = 11.5;
						TestTargetID = 38D25C4B24A9D26B00AD202F;
					};
				};
			};
			buildConfigurationList = 38D25C4724A9D26B00AD202F /* Build configuration list for PBXProject "SwiftUILearning" */;
			compatibilityVersion = "Xcode 9.3";
			developmentRegion = en;
			hasScannedForEncodings = 0;
			knownRegions = (
				en,
				Base,
			);
			mainGroup = 38D25C4324A9D26B00AD202F;
			packageReferences = (
				38DEA75324FE64380081E450 /* XCRemoteSwiftPackageReference "SDWebImageSwiftUI" */,
			);
			productRefGroup = 38D25C4D24A9D26B00AD202F /* Products */;
			projectDirPath = "";
			projectRoot = "";
			targets = (
				38D25C4B24A9D26B00AD202F /* SwiftUILearning */,
				38D25C6424A9D26E00AD202F /* SwiftUILearningTests */,
				38D25C6F24A9D26E00AD202F /* SwiftUILearningUITests */,
			);
		};
/* End PBXProject section */

/* Begin PBXResourcesBuildPhase section */
		38D25C4A24A9D26B00AD202F /* Resources */ = {
			isa = PBXResourcesBuildPhase;
			buildActionMask = 2147483647;
			files = (
				38D25C5F24A9D26E00AD202F /* LaunchScreen.storyboard in Resources */,
				388B9B3224D019D400E97320 /* Roboto-Bold.ttf in Resources */,
				388B9B3024D019D400E97320 /* Roboto-LightItalic.ttf in Resources */,
				38D25C5C24A9D26E00AD202F /* Preview Assets.xcassets in Resources */,
				388B9B2D24D019D400E97320 /* Roboto-Regular.ttf in Resources */,
				388B9B3424D019D400E97320 /* Roboto-Medium.ttf in Resources */,
				388B9B2B24D019D400E97320 /* Roboto-Thin.ttf in Resources */,
				388B9B2C24D019D400E97320 /* Roboto-BlackItalic.ttf in Resources */,
				388B9B3124D019D400E97320 /* Roboto-BoldItalic.ttf in Resources */,
				388B9B2A24D019D400E97320 /* Roboto-Light.ttf in Resources */,
				388B9B2E24D019D400E97320 /* Roboto-ThinItalic.ttf in Resources */,
				388B9B2F24D019D400E97320 /* Roboto-Black.ttf in Resources */,
				388B9B3524D019D400E97320 /* Roboto-MediumItalic.ttf in Resources */,
				388B9B3324D019D400E97320 /* Roboto-Italic.ttf in Resources */,
				38A439D324BC4F6200CA4CEB /* README.md in Resources */,
				38D25C5924A9D26E00AD202F /* Assets.xcassets in Resources */,
			);
			runOnlyForDeploymentPostprocessing = 0;
		};
		38D25C6324A9D26E00AD202F /* Resources */ = {
			isa = PBXResourcesBuildPhase;
			buildActionMask = 2147483647;
			files = (
			);
			runOnlyForDeploymentPostprocessing = 0;
		};
		38D25C6E24A9D26E00AD202F /* Resources */ = {
			isa = PBXResourcesBuildPhase;
			buildActionMask = 2147483647;
			files = (
			);
			runOnlyForDeploymentPostprocessing = 0;
		};
/* End PBXResourcesBuildPhase section */

/* Begin PBXSourcesBuildPhase section */
		38D25C4824A9D26B00AD202F /* Sources */ = {
			isa = PBXSourcesBuildPhase;
			buildActionMask = 2147483647;
			files = (
				387FF9C924D7F678001BF8E3 /* TagScrollView.swift in Sources */,
				38A439C524BC330B00CA4CEB /* ListEnum.swift in Sources */,
				38E0D39E24D1ADA50010C878 /* TextFieldView.swift in Sources */,
				38A439CC24BC339900CA4CEB /* HomeScrollView.swift in Sources */,
				38D25C5524A9D26B00AD202F /* SwiftUILearning.xcdatamodeld in Sources */,
				386B8C2424C717DD00162409 /* SegmentControllerViewModel.swift in Sources */,
				387FF9D324D81486001BF8E3 /* MovieSubDetailView.swift in Sources */,
				38E0D39924D1AC1A0010C878 /* LoginEnum.swift in Sources */,
				38DEA75824FE66800081E450 /* MovieListEnum.swift in Sources */,
				387FF9C424D7F036001BF8E3 /* MovieDetailView.swift in Sources */,
				387FF9E024D851E5001BF8E3 /* EnvironmentValues+ImageCache.swift in Sources */,
				384ECA7524B3614E00D2CDC0 /* ImageListViewModel.swift in Sources */,
				389F912325038AC300352DFE /* PickerListView.swift in Sources */,
				388B9B3824D01B3F00E97320 /* Constants.swift in Sources */,
				38D25C8624A9D2E600AD202F /* TextSwiftUIView.swift in Sources */,
				384ECA6924B3060F00D2CDC0 /* ImageListView.swift in Sources */,
				38E0D3A024D1AEAD0010C878 /* SecureTextFieldView.swift in Sources */,
				387FF9D524D81B50001BF8E3 /* MovieDetailDescriptionView.swift in Sources */,
				389F9128250390A100352DFE /* PickerEnums.swift in Sources */,
				38DEA74F24FE626B0081E450 /* MovieListView.swift in Sources */,
				386B8C2024C717AA00162409 /* SegmentControllerModel.swift in Sources */,
				3890EFCB24C9C4FE004EB658 /* TeamDetailsView.swift in Sources */,
				38A439D624BC72B500CA4CEB /* SocialMediaListRow.swift in Sources */,
				3891E56324C80EAD00D4C661 /* TeamListRow.swift in Sources */,
				387FF9CF24D7FEB4001BF8E3 /* MovieRatingView.swift in Sources */,
				38D25C8B24A9D65400AD202F /* ContentViewModel.swift in Sources */,
				38DEA74624FE5F040081E450 /* PopularMovieModel.swift in Sources */,
				38A439CE24BC33AD00CA4CEB /* ListHomeViewModel.swift in Sources */,
				38A439CA24BC337E00CA4CEB /* ListTypeView.swift in Sources */,
				38C0CC9E24D1B44E00A6192C /* ForgotPasswordView.swift in Sources */,
				387FF9DA24D85193001BF8E3 /* AsyncImage.swift in Sources */,
				38DEA74C24FE61C40081E450 /* MovieListObservable.swift in Sources */,
				384ECA6C24B30F6A00D2CDC0 /* ImageRowView.swift in Sources */,
				38D25C5024A9D26B00AD202F /* AppDelegate.swift in Sources */,
				387FF9C224D7F02B001BF8E3 /* MovieDetailModel.swift in Sources */,
				387FF9D124D80958001BF8E3 /* ImageAndRatingView.swift in Sources */,
				38A439D124BC4C2F00CA4CEB /* ListHomeModel.swift in Sources */,
				38E0D39624D1A5500010C878 /* LoginViewModel.swift in Sources */,
				38D25C9124A9D81700AD202F /* ContentEnum.swift in Sources */,
				387FF9DE24D851CB001BF8E3 /* ImageLoader.swift in Sources */,
				387FF9CB24D7F99D001BF8E3 /* MovieDetailImageView.swift in Sources */,
				38E0D39C24D1ACB30010C878 /* HeaderView.swift in Sources */,
				386B8C2724C718C400162409 /* SegmentControllerListView.swift in Sources */,
				387FF9CD24D7F9E0001BF8E3 /* CornerRadiusViewModifier.swift in Sources */,
				38E0D3A224D1AF790010C878 /* RoundedButtonView.swift in Sources */,
				386B8C2924C718D100162409 /* SegmentControllerScrollView.swift in Sources */,
				38D25C5724A9D26B00AD202F /* ContentView.swift in Sources */,
				38D25C8E24A9D75E00AD202F /* ContentModel.swift in Sources */,
				387FF9DC24D851AC001BF8E3 /* ImageCache.swift in Sources */,
				38DEA74A24FE5F590081E450 /* Webservice.swift in Sources */,
				388B9B1C24CFFA2900E97320 /* LoginView.swift in Sources */,
				38A439C724BC336100CA4CEB /* ListHomeView.swift in Sources */,
				38E0D3A724D1B1E30010C878 /* LoginModel.swift in Sources */,
				38DEA75224FE63530081E450 /* MovieListRow.swift in Sources */,
				38E0D3AD24D1B2D50010C878 /* UIApplication+Extension.swift in Sources */,
				387FF9D724D829D4001BF8E3 /* CrewAndCastView.swift in Sources */,
				387FF9C624D7F043001BF8E3 /* MovieDetailViewModel.swift in Sources */,
				38D25C5224A9D26B00AD202F /* SceneDelegate.swift in Sources */,
				384ECA6F24B30F7E00D2CDC0 /* TextAndImageView.swift in Sources */,
				38E0D3AC24D1B2D50010C878 /* String+Extension.swift in Sources */,
				38E0D3AE24D1B2D50010C878 /* UIColor+Extension.swift in Sources */,
				386B8C2224C717CA00162409 /* SegmentControllerView.swift in Sources */,
				384ECA7224B3611D00D2CDC0 /* ImageListType.swift in Sources */,
			);
			runOnlyForDeploymentPostprocessing = 0;
		};
		38D25C6124A9D26E00AD202F /* Sources */ = {
			isa = PBXSourcesBuildPhase;
			buildActionMask = 2147483647;
			files = (
				38D25C6A24A9D26E00AD202F /* SwiftUILearningTests.swift in Sources */,
			);
			runOnlyForDeploymentPostprocessing = 0;
		};
		38D25C6C24A9D26E00AD202F /* Sources */ = {
			isa = PBXSourcesBuildPhase;
			buildActionMask = 2147483647;
			files = (
				38D25C7524A9D26E00AD202F /* SwiftUILearningUITests.swift in Sources */,
			);
			runOnlyForDeploymentPostprocessing = 0;
		};
/* End PBXSourcesBuildPhase section */

/* Begin PBXTargetDependency section */
		38D25C6724A9D26E00AD202F /* PBXTargetDependency */ = {
			isa = PBXTargetDependency;
			target = 38D25C4B24A9D26B00AD202F /* SwiftUILearning */;
			targetProxy = 38D25C6624A9D26E00AD202F /* PBXContainerItemProxy */;
		};
		38D25C7224A9D26E00AD202F /* PBXTargetDependency */ = {
			isa = PBXTargetDependency;
			target = 38D25C4B24A9D26B00AD202F /* SwiftUILearning */;
			targetProxy = 38D25C7124A9D26E00AD202F /* PBXContainerItemProxy */;
		};
/* End PBXTargetDependency section */

/* Begin PBXVariantGroup section */
		38D25C5D24A9D26E00AD202F /* LaunchScreen.storyboard */ = {
			isa = PBXVariantGroup;
			children = (
				38D25C5E24A9D26E00AD202F /* Base */,
			);
			name = LaunchScreen.storyboard;
			sourceTree = "<group>";
		};
/* End PBXVariantGroup section */

/* Begin XCBuildConfiguration section */
		38D25C7724A9D26E00AD202F /* Debug */ = {
			isa = XCBuildConfiguration;
			buildSettings = {
				ALWAYS_SEARCH_USER_PATHS = NO;
				CLANG_ANALYZER_NONNULL = YES;
				CLANG_ANALYZER_NUMBER_OBJECT_CONVERSION = YES_AGGRESSIVE;
				CLANG_CXX_LANGUAGE_STANDARD = "gnu++14";
				CLANG_CXX_LIBRARY = "libc++";
				CLANG_ENABLE_MODULES = YES;
				CLANG_ENABLE_OBJC_ARC = YES;
				CLANG_ENABLE_OBJC_WEAK = YES;
				CLANG_WARN_BLOCK_CAPTURE_AUTORELEASING = YES;
				CLANG_WARN_BOOL_CONVERSION = YES;
				CLANG_WARN_COMMA = YES;
				CLANG_WARN_CONSTANT_CONVERSION = YES;
				CLANG_WARN_DEPRECATED_OBJC_IMPLEMENTATIONS = YES;
				CLANG_WARN_DIRECT_OBJC_ISA_USAGE = YES_ERROR;
				CLANG_WARN_DOCUMENTATION_COMMENTS = YES;
				CLANG_WARN_EMPTY_BODY = YES;
				CLANG_WARN_ENUM_CONVERSION = YES;
				CLANG_WARN_INFINITE_RECURSION = YES;
				CLANG_WARN_INT_CONVERSION = YES;
				CLANG_WARN_NON_LITERAL_NULL_CONVERSION = YES;
				CLANG_WARN_OBJC_IMPLICIT_RETAIN_SELF = YES;
				CLANG_WARN_OBJC_LITERAL_CONVERSION = YES;
				CLANG_WARN_OBJC_ROOT_CLASS = YES_ERROR;
				CLANG_WARN_RANGE_LOOP_ANALYSIS = YES;
				CLANG_WARN_STRICT_PROTOTYPES = YES;
				CLANG_WARN_SUSPICIOUS_MOVE = YES;
				CLANG_WARN_UNGUARDED_AVAILABILITY = YES_AGGRESSIVE;
				CLANG_WARN_UNREACHABLE_CODE = YES;
				CLANG_WARN__DUPLICATE_METHOD_MATCH = YES;
				COPY_PHASE_STRIP = NO;
				DEBUG_INFORMATION_FORMAT = dwarf;
				ENABLE_STRICT_OBJC_MSGSEND = YES;
				ENABLE_TESTABILITY = YES;
				GCC_C_LANGUAGE_STANDARD = gnu11;
				GCC_DYNAMIC_NO_PIC = NO;
				GCC_NO_COMMON_BLOCKS = YES;
				GCC_OPTIMIZATION_LEVEL = 0;
				GCC_PREPROCESSOR_DEFINITIONS = (
					"DEBUG=1",
					"$(inherited)",
				);
				GCC_WARN_64_TO_32_BIT_CONVERSION = YES;
				GCC_WARN_ABOUT_RETURN_TYPE = YES_ERROR;
				GCC_WARN_UNDECLARED_SELECTOR = YES;
				GCC_WARN_UNINITIALIZED_AUTOS = YES_AGGRESSIVE;
				GCC_WARN_UNUSED_FUNCTION = YES;
				GCC_WARN_UNUSED_VARIABLE = YES;
				IPHONEOS_DEPLOYMENT_TARGET = 13.5;
				MTL_ENABLE_DEBUG_INFO = INCLUDE_SOURCE;
				MTL_FAST_MATH = YES;
				ONLY_ACTIVE_ARCH = YES;
				SDKROOT = iphoneos;
				SWIFT_ACTIVE_COMPILATION_CONDITIONS = DEBUG;
				SWIFT_OPTIMIZATION_LEVEL = "-Onone";
			};
			name = Debug;
		};
		38D25C7824A9D26E00AD202F /* Release */ = {
			isa = XCBuildConfiguration;
			buildSettings = {
				ALWAYS_SEARCH_USER_PATHS = NO;
				CLANG_ANALYZER_NONNULL = YES;
				CLANG_ANALYZER_NUMBER_OBJECT_CONVERSION = YES_AGGRESSIVE;
				CLANG_CXX_LANGUAGE_STANDARD = "gnu++14";
				CLANG_CXX_LIBRARY = "libc++";
				CLANG_ENABLE_MODULES = YES;
				CLANG_ENABLE_OBJC_ARC = YES;
				CLANG_ENABLE_OBJC_WEAK = YES;
				CLANG_WARN_BLOCK_CAPTURE_AUTORELEASING = YES;
				CLANG_WARN_BOOL_CONVERSION = YES;
				CLANG_WARN_COMMA = YES;
				CLANG_WARN_CONSTANT_CONVERSION = YES;
				CLANG_WARN_DEPRECATED_OBJC_IMPLEMENTATIONS = YES;
				CLANG_WARN_DIRECT_OBJC_ISA_USAGE = YES_ERROR;
				CLANG_WARN_DOCUMENTATION_COMMENTS = YES;
				CLANG_WARN_EMPTY_BODY = YES;
				CLANG_WARN_ENUM_CONVERSION = YES;
				CLANG_WARN_INFINITE_RECURSION = YES;
				CLANG_WARN_INT_CONVERSION = YES;
				CLANG_WARN_NON_LITERAL_NULL_CONVERSION = YES;
				CLANG_WARN_OBJC_IMPLICIT_RETAIN_SELF = YES;
				CLANG_WARN_OBJC_LITERAL_CONVERSION = YES;
				CLANG_WARN_OBJC_ROOT_CLASS = YES_ERROR;
				CLANG_WARN_RANGE_LOOP_ANALYSIS = YES;
				CLANG_WARN_STRICT_PROTOTYPES = YES;
				CLANG_WARN_SUSPICIOUS_MOVE = YES;
				CLANG_WARN_UNGUARDED_AVAILABILITY = YES_AGGRESSIVE;
				CLANG_WARN_UNREACHABLE_CODE = YES;
				CLANG_WARN__DUPLICATE_METHOD_MATCH = YES;
				COPY_PHASE_STRIP = NO;
				DEBUG_INFORMATION_FORMAT = "dwarf-with-dsym";
				ENABLE_NS_ASSERTIONS = NO;
				ENABLE_STRICT_OBJC_MSGSEND = YES;
				GCC_C_LANGUAGE_STANDARD = gnu11;
				GCC_NO_COMMON_BLOCKS = YES;
				GCC_WARN_64_TO_32_BIT_CONVERSION = YES;
				GCC_WARN_ABOUT_RETURN_TYPE = YES_ERROR;
				GCC_WARN_UNDECLARED_SELECTOR = YES;
				GCC_WARN_UNINITIALIZED_AUTOS = YES_AGGRESSIVE;
				GCC_WARN_UNUSED_FUNCTION = YES;
				GCC_WARN_UNUSED_VARIABLE = YES;
				IPHONEOS_DEPLOYMENT_TARGET = 13.5;
				MTL_ENABLE_DEBUG_INFO = NO;
				MTL_FAST_MATH = YES;
				SDKROOT = iphoneos;
				SWIFT_COMPILATION_MODE = wholemodule;
				SWIFT_OPTIMIZATION_LEVEL = "-O";
				VALIDATE_PRODUCT = YES;
			};
			name = Release;
		};
		38D25C7A24A9D26E00AD202F /* Debug */ = {
			isa = XCBuildConfiguration;
			buildSettings = {
				ASSETCATALOG_COMPILER_APPICON_NAME = AppIcon;
				CODE_SIGN_STYLE = Manual;
				DEVELOPMENT_ASSET_PATHS = "\"SwiftUILearning/Preview Content\"";
				DEVELOPMENT_TEAM = "";
				ENABLE_PREVIEWS = YES;
				INFOPLIST_FILE = SwiftUILearning/Info.plist;
				LD_RUNPATH_SEARCH_PATHS = (
					"$(inherited)",
					"@executable_path/Frameworks",
				);
				PRODUCT_BUNDLE_IDENTIFIER = com.shahrukhs.SwiftUILearning;
				PRODUCT_NAME = "$(TARGET_NAME)";
				PROVISIONING_PROFILE_SPECIFIER = "";
				SWIFT_VERSION = 5.0;
				TARGETED_DEVICE_FAMILY = "1,2";
			};
			name = Debug;
		};
		38D25C7B24A9D26E00AD202F /* Release */ = {
			isa = XCBuildConfiguration;
			buildSettings = {
				ASSETCATALOG_COMPILER_APPICON_NAME = AppIcon;
				CODE_SIGN_STYLE = Manual;
				DEVELOPMENT_ASSET_PATHS = "\"SwiftUILearning/Preview Content\"";
				DEVELOPMENT_TEAM = "";
				ENABLE_PREVIEWS = YES;
				INFOPLIST_FILE = SwiftUILearning/Info.plist;
				LD_RUNPATH_SEARCH_PATHS = (
					"$(inherited)",
					"@executable_path/Frameworks",
				);
				PRODUCT_BUNDLE_IDENTIFIER = com.shahrukhs.SwiftUILearning;
				PRODUCT_NAME = "$(TARGET_NAME)";
				PROVISIONING_PROFILE_SPECIFIER = "";
				SWIFT_VERSION = 5.0;
				TARGETED_DEVICE_FAMILY = "1,2";
			};
			name = Release;
		};
		38D25C7D24A9D26E00AD202F /* Debug */ = {
			isa = XCBuildConfiguration;
			buildSettings = {
				ALWAYS_EMBED_SWIFT_STANDARD_LIBRARIES = YES;
				BUNDLE_LOADER = "$(TEST_HOST)";
				CODE_SIGN_STYLE = Automatic;
				INFOPLIST_FILE = SwiftUILearningTests/Info.plist;
				IPHONEOS_DEPLOYMENT_TARGET = 13.5;
				LD_RUNPATH_SEARCH_PATHS = (
					"$(inherited)",
					"@executable_path/Frameworks",
					"@loader_path/Frameworks",
				);
				PRODUCT_BUNDLE_IDENTIFIER = com.shahrukhs.SwiftUILearningTests;
				PRODUCT_NAME = "$(TARGET_NAME)";
				SWIFT_VERSION = 5.0;
				TARGETED_DEVICE_FAMILY = "1,2";
				TEST_HOST = "$(BUILT_PRODUCTS_DIR)/SwiftUILearning.app/SwiftUILearning";
			};
			name = Debug;
		};
		38D25C7E24A9D26E00AD202F /* Release */ = {
			isa = XCBuildConfiguration;
			buildSettings = {
				ALWAYS_EMBED_SWIFT_STANDARD_LIBRARIES = YES;
				BUNDLE_LOADER = "$(TEST_HOST)";
				CODE_SIGN_STYLE = Automatic;
				INFOPLIST_FILE = SwiftUILearningTests/Info.plist;
				IPHONEOS_DEPLOYMENT_TARGET = 13.5;
				LD_RUNPATH_SEARCH_PATHS = (
					"$(inherited)",
					"@executable_path/Frameworks",
					"@loader_path/Frameworks",
				);
				PRODUCT_BUNDLE_IDENTIFIER = com.shahrukhs.SwiftUILearningTests;
				PRODUCT_NAME = "$(TARGET_NAME)";
				SWIFT_VERSION = 5.0;
				TARGETED_DEVICE_FAMILY = "1,2";
				TEST_HOST = "$(BUILT_PRODUCTS_DIR)/SwiftUILearning.app/SwiftUILearning";
			};
			name = Release;
		};
		38D25C8024A9D26E00AD202F /* Debug */ = {
			isa = XCBuildConfiguration;
			buildSettings = {
				ALWAYS_EMBED_SWIFT_STANDARD_LIBRARIES = YES;
				CODE_SIGN_STYLE = Automatic;
				INFOPLIST_FILE = SwiftUILearningUITests/Info.plist;
				LD_RUNPATH_SEARCH_PATHS = (
					"$(inherited)",
					"@executable_path/Frameworks",
					"@loader_path/Frameworks",
				);
				PRODUCT_BUNDLE_IDENTIFIER = com.shahrukhs.SwiftUILearningUITests;
				PRODUCT_NAME = "$(TARGET_NAME)";
				SWIFT_VERSION = 5.0;
				TARGETED_DEVICE_FAMILY = "1,2";
				TEST_TARGET_NAME = SwiftUILearning;
			};
			name = Debug;
		};
		38D25C8124A9D26E00AD202F /* Release */ = {
			isa = XCBuildConfiguration;
			buildSettings = {
				ALWAYS_EMBED_SWIFT_STANDARD_LIBRARIES = YES;
				CODE_SIGN_STYLE = Automatic;
				INFOPLIST_FILE = SwiftUILearningUITests/Info.plist;
				LD_RUNPATH_SEARCH_PATHS = (
					"$(inherited)",
					"@executable_path/Frameworks",
					"@loader_path/Frameworks",
				);
				PRODUCT_BUNDLE_IDENTIFIER = com.shahrukhs.SwiftUILearningUITests;
				PRODUCT_NAME = "$(TARGET_NAME)";
				SWIFT_VERSION = 5.0;
				TARGETED_DEVICE_FAMILY = "1,2";
				TEST_TARGET_NAME = SwiftUILearning;
			};
			name = Release;
		};
/* End XCBuildConfiguration section */

/* Begin XCConfigurationList section */
		38D25C4724A9D26B00AD202F /* Build configuration list for PBXProject "SwiftUILearning" */ = {
			isa = XCConfigurationList;
			buildConfigurations = (
				38D25C7724A9D26E00AD202F /* Debug */,
				38D25C7824A9D26E00AD202F /* Release */,
			);
			defaultConfigurationIsVisible = 0;
			defaultConfigurationName = Release;
		};
		38D25C7924A9D26E00AD202F /* Build configuration list for PBXNativeTarget "SwiftUILearning" */ = {
			isa = XCConfigurationList;
			buildConfigurations = (
				38D25C7A24A9D26E00AD202F /* Debug */,
				38D25C7B24A9D26E00AD202F /* Release */,
			);
			defaultConfigurationIsVisible = 0;
			defaultConfigurationName = Release;
		};
		38D25C7C24A9D26E00AD202F /* Build configuration list for PBXNativeTarget "SwiftUILearningTests" */ = {
			isa = XCConfigurationList;
			buildConfigurations = (
				38D25C7D24A9D26E00AD202F /* Debug */,
				38D25C7E24A9D26E00AD202F /* Release */,
			);
			defaultConfigurationIsVisible = 0;
			defaultConfigurationName = Release;
		};
		38D25C7F24A9D26E00AD202F /* Build configuration list for PBXNativeTarget "SwiftUILearningUITests" */ = {
			isa = XCConfigurationList;
			buildConfigurations = (
				38D25C8024A9D26E00AD202F /* Debug */,
				38D25C8124A9D26E00AD202F /* Release */,
			);
			defaultConfigurationIsVisible = 0;
			defaultConfigurationName = Release;
		};
/* End XCConfigurationList section */

/* Begin XCRemoteSwiftPackageReference section */
		38DEA75324FE64380081E450 /* XCRemoteSwiftPackageReference "SDWebImageSwiftUI" */ = {
			isa = XCRemoteSwiftPackageReference;
			repositoryURL = "https://github.com/SDWebImage/SDWebImageSwiftUI.git";
			requirement = {
				kind = upToNextMajorVersion;
				minimumVersion = 1.0.0;
			};
		};
/* End XCRemoteSwiftPackageReference section */

/* Begin XCSwiftPackageProductDependency section */
		38DEA75424FE64380081E450 /* SDWebImageSwiftUI */ = {
			isa = XCSwiftPackageProductDependency;
			package = 38DEA75324FE64380081E450 /* XCRemoteSwiftPackageReference "SDWebImageSwiftUI" */;
			productName = SDWebImageSwiftUI;
		};
/* End XCSwiftPackageProductDependency section */

/* Begin XCVersionGroup section */
		38D25C5324A9D26B00AD202F /* SwiftUILearning.xcdatamodeld */ = {
			isa = XCVersionGroup;
			children = (
				38D25C5424A9D26B00AD202F /* SwiftUILearning.xcdatamodel */,
			);
			currentVersion = 38D25C5424A9D26B00AD202F /* SwiftUILearning.xcdatamodel */;
			path = SwiftUILearning.xcdatamodeld;
			sourceTree = "<group>";
			versionGroupType = wrapper.xcdatamodel;
		};
/* End XCVersionGroup section */
	};
	rootObject = 38D25C4424A9D26B00AD202F /* Project object */;
}
